// !$*UTF8*$!
{
	archiveVersion = 1;
	classes = {
	};
	objectVersion = 55;
	objects = {

/* Begin PBXBuildFile section */
		1522FEC4362B54FF6D5D12A3 /* Pods_Experimental_iOS.framework in Frameworks */ = {isa = PBXBuildFile; fileRef = 6C6C7622F8C759BB12C1B7BD /* Pods_Experimental_iOS.framework */; };
		922044F727B5627100A2F8C9 /* CaseIterable.generated.swift in Sources */ = {isa = PBXBuildFile; fileRef = 922044F627B5627100A2F8C9 /* CaseIterable.generated.swift */; };
		922044F927B562A900A2F8C9 /* MetaTest.swift in Sources */ = {isa = PBXBuildFile; fileRef = 922044F827B562A900A2F8C9 /* MetaTest.swift */; };
		92F04D1927A5C9C200E7E69D /* AppDelegate.swift in Sources */ = {isa = PBXBuildFile; fileRef = 92F04D1827A5C9C200E7E69D /* AppDelegate.swift */; };
		92F04D1B27A5C9C200E7E69D /* SceneDelegate.swift in Sources */ = {isa = PBXBuildFile; fileRef = 92F04D1A27A5C9C200E7E69D /* SceneDelegate.swift */; };
		92F04D1D27A5C9C200E7E69D /* ViewController.swift in Sources */ = {isa = PBXBuildFile; fileRef = 92F04D1C27A5C9C200E7E69D /* ViewController.swift */; };
		92F04D2027A5C9C200E7E69D /* Main.storyboard in Resources */ = {isa = PBXBuildFile; fileRef = 92F04D1E27A5C9C200E7E69D /* Main.storyboard */; };
		92F04D2227A5C9C400E7E69D /* Assets.xcassets in Resources */ = {isa = PBXBuildFile; fileRef = 92F04D2127A5C9C400E7E69D /* Assets.xcassets */; };
		92F04D2527A5C9C400E7E69D /* LaunchScreen.storyboard in Resources */ = {isa = PBXBuildFile; fileRef = 92F04D2327A5C9C400E7E69D /* LaunchScreen.storyboard */; };
		92F04D3527A5CA0300E7E69D /* MemberLookup.swift in Sources */ = {isa = PBXBuildFile; fileRef = 92F04D2E27A5CA0200E7E69D /* MemberLookup.swift */; };
		92F04D3827A5CA0300E7E69D /* SceneDelegate.swift in Sources */ = {isa = PBXBuildFile; fileRef = 92F04D3227A5CA0200E7E69D /* SceneDelegate.swift */; };
		92F04D3927A5CA0300E7E69D /* localize.json in Resources */ = {isa = PBXBuildFile; fileRef = 92F04D3327A5CA0200E7E69D /* localize.json */; };
		92F04D3A27A5CA0300E7E69D /* MemberLookupC.m in Sources */ = {isa = PBXBuildFile; fileRef = 92F04D3427A5CA0300E7E69D /* MemberLookupC.m */; };
		92F04D3E27A6C21900E7E69D /* ImageBuilder.swift in Sources */ = {isa = PBXBuildFile; fileRef = 92F04D3D27A6C21900E7E69D /* ImageBuilder.swift */; };
		92F04D4127A6C4A100E7E69D /* CodableAccessor.swift in Sources */ = {isa = PBXBuildFile; fileRef = 92F04D4027A6C4A100E7E69D /* CodableAccessor.swift */; };
		92F04D4427A6C4C700E7E69D /* Mirrorable.swift in Sources */ = {isa = PBXBuildFile; fileRef = 92F04D4327A6C4C700E7E69D /* Mirrorable.swift */; };
		92F04D4727A6C55900E7E69D /* BaseViewModel.swift in Sources */ = {isa = PBXBuildFile; fileRef = 92F04D4627A6C55900E7E69D /* BaseViewModel.swift */; };
		92F04D4927A6C55F00E7E69D /* BaseViewController.swift in Sources */ = {isa = PBXBuildFile; fileRef = 92F04D4827A6C55F00E7E69D /* BaseViewController.swift */; };
		92F04D4B27A6C56600E7E69D /* BaseCoordinator.swift in Sources */ = {isa = PBXBuildFile; fileRef = 92F04D4A27A6C56600E7E69D /* BaseCoordinator.swift */; };
		92F04D4D27A6C56B00E7E69D /* BaseNetwork.swift in Sources */ = {isa = PBXBuildFile; fileRef = 92F04D4C27A6C56B00E7E69D /* BaseNetwork.swift */; };
		92F04D4F27A6C57200E7E69D /* BaseInterface.swift in Sources */ = {isa = PBXBuildFile; fileRef = 92F04D4E27A6C57200E7E69D /* BaseInterface.swift */; };
		92F04D5127A6C57800E7E69D /* BaseBuilder.swift in Sources */ = {isa = PBXBuildFile; fileRef = 92F04D5027A6C57800E7E69D /* BaseBuilder.swift */; };
		92F04D5327A6C57E00E7E69D /* BaseFactory.swift in Sources */ = {isa = PBXBuildFile; fileRef = 92F04D5227A6C57E00E7E69D /* BaseFactory.swift */; };
		92F04D5527A6C58400E7E69D /* BaseMediator.swift in Sources */ = {isa = PBXBuildFile; fileRef = 92F04D5427A6C58400E7E69D /* BaseMediator.swift */; };
		92F04D5727A6C59600E7E69D /* BaseAdapter.swift in Sources */ = {isa = PBXBuildFile; fileRef = 92F04D5627A6C59600E7E69D /* BaseAdapter.swift */; };
		92F04D5A27A6C5CD00E7E69D /* Metaable.swift in Sources */ = {isa = PBXBuildFile; fileRef = 92F04D5927A6C5CD00E7E69D /* Metaable.swift */; };
		92F04D5D27A6C61600E7E69D /* BigDataResolver.swift in Sources */ = {isa = PBXBuildFile; fileRef = 92F04D5C27A6C61600E7E69D /* BigDataResolver.swift */; };
/* End PBXBuildFile section */

/* Begin PBXFileReference section */
		02A2FF0B3AD82AD6DBF25412 /* Pods-Experimental-iOS.release.xcconfig */ = {isa = PBXFileReference; includeInIndex = 1; lastKnownFileType = text.xcconfig; name = "Pods-Experimental-iOS.release.xcconfig"; path = "Target Support Files/Pods-Experimental-iOS/Pods-Experimental-iOS.release.xcconfig"; sourceTree = "<group>"; };
		6C6C7622F8C759BB12C1B7BD /* Pods_Experimental_iOS.framework */ = {isa = PBXFileReference; explicitFileType = wrapper.framework; includeInIndex = 0; path = Pods_Experimental_iOS.framework; sourceTree = BUILT_PRODUCTS_DIR; };
		8454B0D5630A8C3AFD0CC9C6 /* Pods-Experimental-iOS.debug.xcconfig */ = {isa = PBXFileReference; includeInIndex = 1; lastKnownFileType = text.xcconfig; name = "Pods-Experimental-iOS.debug.xcconfig"; path = "Target Support Files/Pods-Experimental-iOS/Pods-Experimental-iOS.debug.xcconfig"; sourceTree = "<group>"; };
		922044F627B5627100A2F8C9 /* CaseIterable.generated.swift */ = {isa = PBXFileReference; fileEncoding = 4; lastKnownFileType = sourcecode.swift; path = CaseIterable.generated.swift; sourceTree = "<group>"; };
		922044F827B562A900A2F8C9 /* MetaTest.swift */ = {isa = PBXFileReference; lastKnownFileType = sourcecode.swift; path = MetaTest.swift; sourceTree = "<group>"; };
		92F04D1527A5C9C200E7E69D /* Experimental-iOS.app */ = {isa = PBXFileReference; explicitFileType = wrapper.application; includeInIndex = 0; path = "Experimental-iOS.app"; sourceTree = BUILT_PRODUCTS_DIR; };
		92F04D1827A5C9C200E7E69D /* AppDelegate.swift */ = {isa = PBXFileReference; lastKnownFileType = sourcecode.swift; path = AppDelegate.swift; sourceTree = "<group>"; };
		92F04D1A27A5C9C200E7E69D /* SceneDelegate.swift */ = {isa = PBXFileReference; lastKnownFileType = sourcecode.swift; path = SceneDelegate.swift; sourceTree = "<group>"; };
		92F04D1C27A5C9C200E7E69D /* ViewController.swift */ = {isa = PBXFileReference; lastKnownFileType = sourcecode.swift; path = ViewController.swift; sourceTree = "<group>"; };
		92F04D1F27A5C9C200E7E69D /* Base */ = {isa = PBXFileReference; lastKnownFileType = file.storyboard; name = Base; path = Base.lproj/Main.storyboard; sourceTree = "<group>"; };
		92F04D2127A5C9C400E7E69D /* Assets.xcassets */ = {isa = PBXFileReference; lastKnownFileType = folder.assetcatalog; path = Assets.xcassets; sourceTree = "<group>"; };
		92F04D2427A5C9C400E7E69D /* Base */ = {isa = PBXFileReference; lastKnownFileType = file.storyboard; name = Base; path = Base.lproj/LaunchScreen.storyboard; sourceTree = "<group>"; };
		92F04D2627A5C9C400E7E69D /* Info.plist */ = {isa = PBXFileReference; lastKnownFileType = text.plist.xml; path = Info.plist; sourceTree = "<group>"; };
		92F04D2D27A5CA0200E7E69D /* Experimental-iOS-Bridging-Header.h */ = {isa = PBXFileReference; lastKnownFileType = sourcecode.c.h; path = "Experimental-iOS-Bridging-Header.h"; sourceTree = "<group>"; };
		92F04D2E27A5CA0200E7E69D /* MemberLookup.swift */ = {isa = PBXFileReference; fileEncoding = 4; lastKnownFileType = sourcecode.swift; path = MemberLookup.swift; sourceTree = "<group>"; };
		92F04D3027A5CA0200E7E69D /* MemberLookupC.h */ = {isa = PBXFileReference; fileEncoding = 4; lastKnownFileType = sourcecode.c.h; path = MemberLookupC.h; sourceTree = "<group>"; };
		92F04D3227A5CA0200E7E69D /* SceneDelegate.swift */ = {isa = PBXFileReference; fileEncoding = 4; lastKnownFileType = sourcecode.swift; path = SceneDelegate.swift; sourceTree = "<group>"; };
		92F04D3327A5CA0200E7E69D /* localize.json */ = {isa = PBXFileReference; fileEncoding = 4; lastKnownFileType = text.json; path = localize.json; sourceTree = "<group>"; };
		92F04D3427A5CA0300E7E69D /* MemberLookupC.m */ = {isa = PBXFileReference; fileEncoding = 4; lastKnownFileType = sourcecode.c.objc; path = MemberLookupC.m; sourceTree = "<group>"; };
		92F04D3D27A6C21900E7E69D /* ImageBuilder.swift */ = {isa = PBXFileReference; lastKnownFileType = sourcecode.swift; path = ImageBuilder.swift; sourceTree = "<group>"; };
		92F04D4027A6C4A100E7E69D /* CodableAccessor.swift */ = {isa = PBXFileReference; lastKnownFileType = sourcecode.swift; path = CodableAccessor.swift; sourceTree = "<group>"; };
		92F04D4327A6C4C700E7E69D /* Mirrorable.swift */ = {isa = PBXFileReference; lastKnownFileType = sourcecode.swift; path = Mirrorable.swift; sourceTree = "<group>"; };
		92F04D4627A6C55900E7E69D /* BaseViewModel.swift */ = {isa = PBXFileReference; lastKnownFileType = sourcecode.swift; path = BaseViewModel.swift; sourceTree = "<group>"; };
		92F04D4827A6C55F00E7E69D /* BaseViewController.swift */ = {isa = PBXFileReference; lastKnownFileType = sourcecode.swift; path = BaseViewController.swift; sourceTree = "<group>"; };
		92F04D4A27A6C56600E7E69D /* BaseCoordinator.swift */ = {isa = PBXFileReference; lastKnownFileType = sourcecode.swift; path = BaseCoordinator.swift; sourceTree = "<group>"; };
		92F04D4C27A6C56B00E7E69D /* BaseNetwork.swift */ = {isa = PBXFileReference; lastKnownFileType = sourcecode.swift; path = BaseNetwork.swift; sourceTree = "<group>"; };
		92F04D4E27A6C57200E7E69D /* BaseInterface.swift */ = {isa = PBXFileReference; lastKnownFileType = sourcecode.swift; path = BaseInterface.swift; sourceTree = "<group>"; };
		92F04D5027A6C57800E7E69D /* BaseBuilder.swift */ = {isa = PBXFileReference; lastKnownFileType = sourcecode.swift; path = BaseBuilder.swift; sourceTree = "<group>"; };
		92F04D5227A6C57E00E7E69D /* BaseFactory.swift */ = {isa = PBXFileReference; lastKnownFileType = sourcecode.swift; path = BaseFactory.swift; sourceTree = "<group>"; };
		92F04D5427A6C58400E7E69D /* BaseMediator.swift */ = {isa = PBXFileReference; lastKnownFileType = sourcecode.swift; path = BaseMediator.swift; sourceTree = "<group>"; };
		92F04D5627A6C59600E7E69D /* BaseAdapter.swift */ = {isa = PBXFileReference; lastKnownFileType = sourcecode.swift; path = BaseAdapter.swift; sourceTree = "<group>"; };
		92F04D5927A6C5CD00E7E69D /* Metaable.swift */ = {isa = PBXFileReference; lastKnownFileType = sourcecode.swift; path = Metaable.swift; sourceTree = "<group>"; };
		92F04D5C27A6C61600E7E69D /* BigDataResolver.swift */ = {isa = PBXFileReference; lastKnownFileType = sourcecode.swift; path = BigDataResolver.swift; sourceTree = "<group>"; };
/* End PBXFileReference section */

/* Begin PBXFrameworksBuildPhase section */
		92F04D1227A5C9C200E7E69D /* Frameworks */ = {
			isa = PBXFrameworksBuildPhase;
			buildActionMask = 2147483647;
			files = (
				1522FEC4362B54FF6D5D12A3 /* Pods_Experimental_iOS.framework in Frameworks */,
			);
			runOnlyForDeploymentPostprocessing = 0;
		};
/* End PBXFrameworksBuildPhase section */

/* Begin PBXGroup section */
		54AFE52DC281BE8B211E6557 /* Pods */ = {
			isa = PBXGroup;
			children = (
				8454B0D5630A8C3AFD0CC9C6 /* Pods-Experimental-iOS.debug.xcconfig */,
				02A2FF0B3AD82AD6DBF25412 /* Pods-Experimental-iOS.release.xcconfig */,
			);
			path = Pods;
			sourceTree = "<group>";
		};
		7A9198BF278902884F18DC11 /* Frameworks */ = {
			isa = PBXGroup;
			children = (
				6C6C7622F8C759BB12C1B7BD /* Pods_Experimental_iOS.framework */,
			);
			name = Frameworks;
			sourceTree = "<group>";
		};
		922044F527B5627100A2F8C9 /* Generated */ = {
			isa = PBXGroup;
			children = (
				922044F627B5627100A2F8C9 /* CaseIterable.generated.swift */,
			);
			path = Generated;
			sourceTree = "<group>";
		};
		92F04D0C27A5C9C200E7E69D = {
			isa = PBXGroup;
			children = (
				92F04D1727A5C9C200E7E69D /* Experimental-iOS */,
				92F04D1627A5C9C200E7E69D /* Products */,
				54AFE52DC281BE8B211E6557 /* Pods */,
				7A9198BF278902884F18DC11 /* Frameworks */,
			);
			sourceTree = "<group>";
		};
		92F04D1627A5C9C200E7E69D /* Products */ = {
			isa = PBXGroup;
			children = (
				92F04D1527A5C9C200E7E69D /* Experimental-iOS.app */,
			);
			name = Products;
			sourceTree = "<group>";
		};
		92F04D1727A5C9C200E7E69D /* Experimental-iOS */ = {
			isa = PBXGroup;
			children = (
				922044F527B5627100A2F8C9 /* Generated */,
				92F04D5B27A6C60B00E7E69D /* BigDataResolver */,
				92F04D5827A6C5B000E7E69D /* MetaProgramming */,
				92F04D4527A6C52E00E7E69D /* MVVM+CNFBMI */,
				92F04D4227A6C4BD00E7E69D /* MirroredTesting */,
				92F04D3F27A6C49200E7E69D /* CodableAccessor */,
				92F04D3C27A6C20D00E7E69D /* ImageBuilder */,
				92F04D3B27A5CA5900E7E69D /* Lookup */,
				92F04D1827A5C9C200E7E69D /* AppDelegate.swift */,
				92F04D1A27A5C9C200E7E69D /* SceneDelegate.swift */,
				92F04D3327A5CA0200E7E69D /* localize.json */,
				92F04D3227A5CA0200E7E69D /* SceneDelegate.swift */,
				92F04D1C27A5C9C200E7E69D /* ViewController.swift */,
				92F04D1E27A5C9C200E7E69D /* Main.storyboard */,
				92F04D2127A5C9C400E7E69D /* Assets.xcassets */,
				92F04D2327A5C9C400E7E69D /* LaunchScreen.storyboard */,
				92F04D2627A5C9C400E7E69D /* Info.plist */,
				92F04D2D27A5CA0200E7E69D /* Experimental-iOS-Bridging-Header.h */,
			);
			path = "Experimental-iOS";
			sourceTree = "<group>";
		};
		92F04D3B27A5CA5900E7E69D /* Lookup */ = {
			isa = PBXGroup;
			children = (
				92F04D2E27A5CA0200E7E69D /* MemberLookup.swift */,
				92F04D3027A5CA0200E7E69D /* MemberLookupC.h */,
				92F04D3427A5CA0300E7E69D /* MemberLookupC.m */,
			);
			path = Lookup;
			sourceTree = "<group>";
		};
		92F04D3C27A6C20D00E7E69D /* ImageBuilder */ = {
			isa = PBXGroup;
			children = (
				92F04D3D27A6C21900E7E69D /* ImageBuilder.swift */,
			);
			path = ImageBuilder;
			sourceTree = "<group>";
		};
		92F04D3F27A6C49200E7E69D /* CodableAccessor */ = {
			isa = PBXGroup;
			children = (
				92F04D4027A6C4A100E7E69D /* CodableAccessor.swift */,
			);
			path = CodableAccessor;
			sourceTree = "<group>";
		};
		92F04D4227A6C4BD00E7E69D /* MirroredTesting */ = {
			isa = PBXGroup;
			children = (
				92F04D4327A6C4C700E7E69D /* Mirrorable.swift */,
			);
			path = MirroredTesting;
			sourceTree = "<group>";
		};
		92F04D4527A6C52E00E7E69D /* MVVM+CNFBMI */ = {
			isa = PBXGroup;
			children = (
				92F04D4627A6C55900E7E69D /* BaseViewModel.swift */,
				92F04D4827A6C55F00E7E69D /* BaseViewController.swift */,
				92F04D4A27A6C56600E7E69D /* BaseCoordinator.swift */,
				92F04D4C27A6C56B00E7E69D /* BaseNetwork.swift */,
				92F04D4E27A6C57200E7E69D /* BaseInterface.swift */,
				92F04D5027A6C57800E7E69D /* BaseBuilder.swift */,
				92F04D5227A6C57E00E7E69D /* BaseFactory.swift */,
				92F04D5427A6C58400E7E69D /* BaseMediator.swift */,
				92F04D5627A6C59600E7E69D /* BaseAdapter.swift */,
			);
			path = "MVVM+CNFBMI";
			sourceTree = "<group>";
		};
		92F04D5827A6C5B000E7E69D /* MetaProgramming */ = {
			isa = PBXGroup;
			children = (
				92F04D5927A6C5CD00E7E69D /* Metaable.swift */,
				922044F827B562A900A2F8C9 /* MetaTest.swift */,
			);
			path = MetaProgramming;
			sourceTree = "<group>";
		};
		92F04D5B27A6C60B00E7E69D /* BigDataResolver */ = {
			isa = PBXGroup;
			children = (
				92F04D5C27A6C61600E7E69D /* BigDataResolver.swift */,
			);
			path = BigDataResolver;
			sourceTree = "<group>";
		};
/* End PBXGroup section */

/* Begin PBXNativeTarget section */
		92F04D1427A5C9C200E7E69D /* Experimental-iOS */ = {
			isa = PBXNativeTarget;
			buildConfigurationList = 92F04D2927A5C9C400E7E69D /* Build configuration list for PBXNativeTarget "Experimental-iOS" */;
			buildPhases = (
				093229B9C4DD2BF2ABC1E9A9 /* [CP] Check Pods Manifest.lock */,
				92F04D1127A5C9C200E7E69D /* Sources */,
				92F04D1227A5C9C200E7E69D /* Frameworks */,
				92F04D1327A5C9C200E7E69D /* Resources */,
			);
			buildRules = (
			);
			dependencies = (
			);
			name = "Experimental-iOS";
			productName = "Experimental-iOS";
			productReference = 92F04D1527A5C9C200E7E69D /* Experimental-iOS.app */;
			productType = "com.apple.product-type.application";
		};
/* End PBXNativeTarget section */

/* Begin PBXProject section */
		92F04D0D27A5C9C200E7E69D /* Project object */ = {
			isa = PBXProject;
			attributes = {
				BuildIndependentTargetsInParallel = 1;
				LastSwiftUpdateCheck = 1320;
				LastUpgradeCheck = 1320;
				TargetAttributes = {
					92F04D1427A5C9C200E7E69D = {
						CreatedOnToolsVersion = 13.2.1;
						LastSwiftMigration = 1320;
					};
				};
			};
			buildConfigurationList = 92F04D1027A5C9C200E7E69D /* Build configuration list for PBXProject "Experimental-iOS" */;
			compatibilityVersion = "Xcode 13.0";
			developmentRegion = en;
			hasScannedForEncodings = 0;
			knownRegions = (
				en,
				Base,
			);
			mainGroup = 92F04D0C27A5C9C200E7E69D;
			productRefGroup = 92F04D1627A5C9C200E7E69D /* Products */;
			projectDirPath = "";
			projectRoot = "";
			targets = (
				92F04D1427A5C9C200E7E69D /* Experimental-iOS */,
			);
		};
/* End PBXProject section */

/* Begin PBXResourcesBuildPhase section */
		92F04D1327A5C9C200E7E69D /* Resources */ = {
			isa = PBXResourcesBuildPhase;
			buildActionMask = 2147483647;
			files = (
				92F04D3927A5CA0300E7E69D /* localize.json in Resources */,
				92F04D2527A5C9C400E7E69D /* LaunchScreen.storyboard in Resources */,
				92F04D2227A5C9C400E7E69D /* Assets.xcassets in Resources */,
				92F04D2027A5C9C200E7E69D /* Main.storyboard in Resources */,
			);
			runOnlyForDeploymentPostprocessing = 0;
		};
/* End PBXResourcesBuildPhase section */

/* Begin PBXShellScriptBuildPhase section */
		093229B9C4DD2BF2ABC1E9A9 /* [CP] Check Pods Manifest.lock */ = {
			isa = PBXShellScriptBuildPhase;
			buildActionMask = 2147483647;
			files = (
			);
			inputFileListPaths = (
			);
			inputPaths = (
				"${PODS_PODFILE_DIR_PATH}/Podfile.lock",
				"${PODS_ROOT}/Manifest.lock",
			);
			name = "[CP] Check Pods Manifest.lock";
			outputFileListPaths = (
			);
			outputPaths = (
				"$(DERIVED_FILE_DIR)/Pods-Experimental-iOS-checkManifestLockResult.txt",
			);
			runOnlyForDeploymentPostprocessing = 0;
			shellPath = /bin/sh;
			shellScript = "diff \"${PODS_PODFILE_DIR_PATH}/Podfile.lock\" \"${PODS_ROOT}/Manifest.lock\" > /dev/null\nif [ $? != 0 ] ; then\n    # print error to STDERR\n    echo \"error: The sandbox is not in sync with the Podfile.lock. Run 'pod install' or update your CocoaPods installation.\" >&2\n    exit 1\nfi\n# This output is used by Xcode 'outputs' to avoid re-running this script phase.\necho \"SUCCESS\" > \"${SCRIPT_OUTPUT_FILE_0}\"\n";
			showEnvVarsInLog = 0;
		};
/* End PBXShellScriptBuildPhase section */

/* Begin PBXSourcesBuildPhase section */
		92F04D1127A5C9C200E7E69D /* Sources */ = {
			isa = PBXSourcesBuildPhase;
			buildActionMask = 2147483647;
			files = (
				92F04D3827A5CA0300E7E69D /* SceneDelegate.swift in Sources */,
				92F04D5A27A6C5CD00E7E69D /* Metaable.swift in Sources */,
				922044F927B562A900A2F8C9 /* MetaTest.swift in Sources */,
				92F04D4727A6C55900E7E69D /* BaseViewModel.swift in Sources */,
				92F04D4927A6C55F00E7E69D /* BaseViewController.swift in Sources */,
				92F04D4D27A6C56B00E7E69D /* BaseNetwork.swift in Sources */,
				92F04D5527A6C58400E7E69D /* BaseMediator.swift in Sources */,
				92F04D1D27A5C9C200E7E69D /* ViewController.swift in Sources */,
				92F04D3E27A6C21900E7E69D /* ImageBuilder.swift in Sources */,
				92F04D1927A5C9C200E7E69D /* AppDelegate.swift in Sources */,
				92F04D4427A6C4C700E7E69D /* Mirrorable.swift in Sources */,
				92F04D4F27A6C57200E7E69D /* BaseInterface.swift in Sources */,
				922044F727B5627100A2F8C9 /* CaseIterable.generated.swift in Sources */,
				92F04D4B27A6C56600E7E69D /* BaseCoordinator.swift in Sources */,
				92F04D1B27A5C9C200E7E69D /* SceneDelegate.swift in Sources */,
				92F04D5127A6C57800E7E69D /* BaseBuilder.swift in Sources */,
				92F04D4127A6C4A100E7E69D /* CodableAccessor.swift in Sources */,
				92F04D3527A5CA0300E7E69D /* MemberLookup.swift in Sources */,
				92F04D3A27A5CA0300E7E69D /* MemberLookupC.m in Sources */,
				92F04D5727A6C59600E7E69D /* BaseAdapter.swift in Sources */,
				92F04D5D27A6C61600E7E69D /* BigDataResolver.swift in Sources */,
				92F04D5327A6C57E00E7E69D /* BaseFactory.swift in Sources */,
			);
			runOnlyForDeploymentPostprocessing = 0;
		};
/* End PBXSourcesBuildPhase section */

/* Begin PBXVariantGroup section */
		92F04D1E27A5C9C200E7E69D /* Main.storyboard */ = {
			isa = PBXVariantGroup;
			children = (
				92F04D1F27A5C9C200E7E69D /* Base */,
			);
			name = Main.storyboard;
			sourceTree = "<group>";
		};
		92F04D2327A5C9C400E7E69D /* LaunchScreen.storyboard */ = {
			isa = PBXVariantGroup;
			children = (
				92F04D2427A5C9C400E7E69D /* Base */,
			);
			name = LaunchScreen.storyboard;
			sourceTree = "<group>";
		};
/* End PBXVariantGroup section */

/* Begin XCBuildConfiguration section */
		92F04D2727A5C9C400E7E69D /* Debug */ = {
			isa = XCBuildConfiguration;
			buildSettings = {
				ALWAYS_SEARCH_USER_PATHS = NO;
				CLANG_ANALYZER_NONNULL = YES;
				CLANG_ANALYZER_NUMBER_OBJECT_CONVERSION = YES_AGGRESSIVE;
				CLANG_CXX_LANGUAGE_STANDARD = "gnu++17";
				CLANG_CXX_LIBRARY = "libc++";
				CLANG_ENABLE_MODULES = YES;
				CLANG_ENABLE_OBJC_ARC = YES;
				CLANG_ENABLE_OBJC_WEAK = YES;
				CLANG_WARN_BLOCK_CAPTURE_AUTORELEASING = YES;
				CLANG_WARN_BOOL_CONVERSION = YES;
				CLANG_WARN_COMMA = YES;
				CLANG_WARN_CONSTANT_CONVERSION = YES;
				CLANG_WARN_DEPRECATED_OBJC_IMPLEMENTATIONS = YES;
				CLANG_WARN_DIRECT_OBJC_ISA_USAGE = YES_ERROR;
				CLANG_WARN_DOCUMENTATION_COMMENTS = YES;
				CLANG_WARN_EMPTY_BODY = YES;
				CLANG_WARN_ENUM_CONVERSION = YES;
				CLANG_WARN_INFINITE_RECURSION = YES;
				CLANG_WARN_INT_CONVERSION = YES;
				CLANG_WARN_NON_LITERAL_NULL_CONVERSION = YES;
				CLANG_WARN_OBJC_IMPLICIT_RETAIN_SELF = YES;
				CLANG_WARN_OBJC_LITERAL_CONVERSION = YES;
				CLANG_WARN_OBJC_ROOT_CLASS = YES_ERROR;
				CLANG_WARN_QUOTED_INCLUDE_IN_FRAMEWORK_HEADER = YES;
				CLANG_WARN_RANGE_LOOP_ANALYSIS = YES;
				CLANG_WARN_STRICT_PROTOTYPES = YES;
				CLANG_WARN_SUSPICIOUS_MOVE = YES;
				CLANG_WARN_UNGUARDED_AVAILABILITY = YES_AGGRESSIVE;
				CLANG_WARN_UNREACHABLE_CODE = YES;
				CLANG_WARN__DUPLICATE_METHOD_MATCH = YES;
				COPY_PHASE_STRIP = NO;
				DEBUG_INFORMATION_FORMAT = dwarf;
				ENABLE_STRICT_OBJC_MSGSEND = YES;
				ENABLE_TESTABILITY = YES;
				GCC_C_LANGUAGE_STANDARD = gnu11;
				GCC_DYNAMIC_NO_PIC = NO;
				GCC_NO_COMMON_BLOCKS = YES;
				GCC_OPTIMIZATION_LEVEL = 0;
				GCC_PREPROCESSOR_DEFINITIONS = (
					"DEBUG=1",
					"$(inherited)",
				);
				GCC_WARN_64_TO_32_BIT_CONVERSION = YES;
				GCC_WARN_ABOUT_RETURN_TYPE = YES_ERROR;
				GCC_WARN_UNDECLARED_SELECTOR = YES;
				GCC_WARN_UNINITIALIZED_AUTOS = YES_AGGRESSIVE;
				GCC_WARN_UNUSED_FUNCTION = YES;
				GCC_WARN_UNUSED_VARIABLE = YES;
				IPHONEOS_DEPLOYMENT_TARGET = 15.2;
				MTL_ENABLE_DEBUG_INFO = INCLUDE_SOURCE;
				MTL_FAST_MATH = YES;
				ONLY_ACTIVE_ARCH = YES;
				SDKROOT = iphoneos;
				SWIFT_ACTIVE_COMPILATION_CONDITIONS = DEBUG;
				SWIFT_OPTIMIZATION_LEVEL = "-Onone";
			};
			name = Debug;
		};
		92F04D2827A5C9C400E7E69D /* Release */ = {
			isa = XCBuildConfiguration;
			buildSettings = {
				ALWAYS_SEARCH_USER_PATHS = NO;
				CLANG_ANALYZER_NONNULL = YES;
				CLANG_ANALYZER_NUMBER_OBJECT_CONVERSION = YES_AGGRESSIVE;
				CLANG_CXX_LANGUAGE_STANDARD = "gnu++17";
				CLANG_CXX_LIBRARY = "libc++";
				CLANG_ENABLE_MODULES = YES;
				CLANG_ENABLE_OBJC_ARC = YES;
				CLANG_ENABLE_OBJC_WEAK = YES;
				CLANG_WARN_BLOCK_CAPTURE_AUTORELEASING = YES;
				CLANG_WARN_BOOL_CONVERSION = YES;
				CLANG_WARN_COMMA = YES;
				CLANG_WARN_CONSTANT_CONVERSION = YES;
				CLANG_WARN_DEPRECATED_OBJC_IMPLEMENTATIONS = YES;
				CLANG_WARN_DIRECT_OBJC_ISA_USAGE = YES_ERROR;
				CLANG_WARN_DOCUMENTATION_COMMENTS = YES;
				CLANG_WARN_EMPTY_BODY = YES;
				CLANG_WARN_ENUM_CONVERSION = YES;
				CLANG_WARN_INFINITE_RECURSION = YES;
				CLANG_WARN_INT_CONVERSION = YES;
				CLANG_WARN_NON_LITERAL_NULL_CONVERSION = YES;
				CLANG_WARN_OBJC_IMPLICIT_RETAIN_SELF = YES;
				CLANG_WARN_OBJC_LITERAL_CONVERSION = YES;
				CLANG_WARN_OBJC_ROOT_CLASS = YES_ERROR;
				CLANG_WARN_QUOTED_INCLUDE_IN_FRAMEWORK_HEADER = YES;
				CLANG_WARN_RANGE_LOOP_ANALYSIS = YES;
				CLANG_WARN_STRICT_PROTOTYPES = YES;
				CLANG_WARN_SUSPICIOUS_MOVE = YES;
				CLANG_WARN_UNGUARDED_AVAILABILITY = YES_AGGRESSIVE;
				CLANG_WARN_UNREACHABLE_CODE = YES;
				CLANG_WARN__DUPLICATE_METHOD_MATCH = YES;
				COPY_PHASE_STRIP = NO;
				DEBUG_INFORMATION_FORMAT = "dwarf-with-dsym";
				ENABLE_NS_ASSERTIONS = NO;
				ENABLE_STRICT_OBJC_MSGSEND = YES;
				GCC_C_LANGUAGE_STANDARD = gnu11;
				GCC_NO_COMMON_BLOCKS = YES;
				GCC_WARN_64_TO_32_BIT_CONVERSION = YES;
				GCC_WARN_ABOUT_RETURN_TYPE = YES_ERROR;
				GCC_WARN_UNDECLARED_SELECTOR = YES;
				GCC_WARN_UNINITIALIZED_AUTOS = YES_AGGRESSIVE;
				GCC_WARN_UNUSED_FUNCTION = YES;
				GCC_WARN_UNUSED_VARIABLE = YES;
				IPHONEOS_DEPLOYMENT_TARGET = 15.2;
				MTL_ENABLE_DEBUG_INFO = NO;
				MTL_FAST_MATH = YES;
				SDKROOT = iphoneos;
				SWIFT_COMPILATION_MODE = wholemodule;
				SWIFT_OPTIMIZATION_LEVEL = "-O";
				VALIDATE_PRODUCT = YES;
			};
			name = Release;
		};
		92F04D2A27A5C9C400E7E69D /* Debug */ = {
			isa = XCBuildConfiguration;
			baseConfigurationReference = 8454B0D5630A8C3AFD0CC9C6 /* Pods-Experimental-iOS.debug.xcconfig */;
			buildSettings = {
				ASSETCATALOG_COMPILER_APPICON_NAME = AppIcon;
				ASSETCATALOG_COMPILER_GLOBAL_ACCENT_COLOR_NAME = AccentColor;
				CLANG_ENABLE_MODULES = YES;
				CODE_SIGN_STYLE = Automatic;
				CURRENT_PROJECT_VERSION = 1;
				DEFINES_MODULE = YES;
				DEVELOPMENT_TEAM = WPQ9HAVPNV;
				GENERATE_INFOPLIST_FILE = YES;
				INFOPLIST_FILE = "Experimental-iOS/Info.plist";
				INFOPLIST_KEY_UIApplicationSupportsIndirectInputEvents = YES;
				INFOPLIST_KEY_UILaunchStoryboardName = LaunchScreen;
				INFOPLIST_KEY_UIMainStoryboardFile = Main;
				INFOPLIST_KEY_UISupportedInterfaceOrientations_iPad = "UIInterfaceOrientationPortrait UIInterfaceOrientationPortraitUpsideDown UIInterfaceOrientationLandscapeLeft UIInterfaceOrientationLandscapeRight";
				INFOPLIST_KEY_UISupportedInterfaceOrientations_iPhone = "UIInterfaceOrientationPortrait UIInterfaceOrientationLandscapeLeft UIInterfaceOrientationLandscapeRight";
				LD_RUNPATH_SEARCH_PATHS = (
					"$(inherited)",
					"@executable_path/Frameworks",
				);
				MARKETING_VERSION = 1.0;
				PRODUCT_BUNDLE_IDENTIFIER = "inx.Experimental-iOS";
				PRODUCT_NAME = "$(TARGET_NAME)";
				SWIFT_EMIT_LOC_STRINGS = YES;
				SWIFT_OBJC_BRIDGING_HEADER = "Experimental-iOS/Experimental-iOS-Bridging-Header.h";
				SWIFT_OPTIMIZATION_LEVEL = "-Onone";
				SWIFT_VERSION = 5.0;
				TARGETED_DEVICE_FAMILY = "1,2";
			};
			name = Debug;
		};
		92F04D2B27A5C9C400E7E69D /* Release */ = {
			isa = XCBuildConfiguration;
			baseConfigurationReference = 02A2FF0B3AD82AD6DBF25412 /* Pods-Experimental-iOS.release.xcconfig */;
			buildSettings = {
				ASSETCATALOG_COMPILER_APPICON_NAME = AppIcon;
				ASSETCATALOG_COMPILER_GLOBAL_ACCENT_COLOR_NAME = AccentColor;
				CLANG_ENABLE_MODULES = YES;
				CODE_SIGN_STYLE = Automatic;
				CURRENT_PROJECT_VERSION = 1;
				DEFINES_MODULE = YES;
				DEVELOPMENT_TEAM = WPQ9HAVPNV;
				GENERATE_INFOPLIST_FILE = YES;
				INFOPLIST_FILE = "Experimental-iOS/Info.plist";
				INFOPLIST_KEY_UIApplicationSupportsIndirectInputEvents = YES;
				INFOPLIST_KEY_UILaunchStoryboardName = LaunchScreen;
				INFOPLIST_KEY_UIMainStoryboardFile = Main;
				INFOPLIST_KEY_UISupportedInterfaceOrientations_iPad = "UIInterfaceOrientationPortrait UIInterfaceOrientationPortraitUpsideDown UIInterfaceOrientationLandscapeLeft UIInterfaceOrientationLandscapeRight";
				INFOPLIST_KEY_UISupportedInterfaceOrientations_iPhone = "UIInterfaceOrientationPortrait UIInterfaceOrientationLandscapeLeft UIInterfaceOrientationLandscapeRight";
				LD_RUNPATH_SEARCH_PATHS = (
					"$(inherited)",
					"@executable_path/Frameworks",
				);
				MARKETING_VERSION = 1.0;
				PRODUCT_BUNDLE_IDENTIFIER = "inx.Experimental-iOS";
				PRODUCT_NAME = "$(TARGET_NAME)";
				SWIFT_EMIT_LOC_STRINGS = YES;
				SWIFT_OBJC_BRIDGING_HEADER = "Experimental-iOS/Experimental-iOS-Bridging-Header.h";
				SWIFT_VERSION = 5.0;
				TARGETED_DEVICE_FAMILY = "1,2";
			};
			name = Release;
		};
/* End XCBuildConfiguration section */

/* Begin XCConfigurationList section */
		92F04D1027A5C9C200E7E69D /* Build configuration list for PBXProject "Experimental-iOS" */ = {
			isa = XCConfigurationList;
			buildConfigurations = (
				92F04D2727A5C9C400E7E69D /* Debug */,
				92F04D2827A5C9C400E7E69D /* Release */,
			);
			defaultConfigurationIsVisible = 0;
			defaultConfigurationName = Release;
		};
		92F04D2927A5C9C400E7E69D /* Build configuration list for PBXNativeTarget "Experimental-iOS" */ = {
			isa = XCConfigurationList;
			buildConfigurations = (
				92F04D2A27A5C9C400E7E69D /* Debug */,
				92F04D2B27A5C9C400E7E69D /* Release */,
			);
			defaultConfigurationIsVisible = 0;
			defaultConfigurationName = Release;
		};
/* End XCConfigurationList section */
	};
	rootObject = 92F04D0D27A5C9C200E7E69D /* Project object */;
}
